// !$*UTF8*$!
{
	archiveVersion = 1;
	classes = {
	};
	objectVersion = 50;
	objects = {

/* Begin PBXBuildFile section */
		8359C6D426019C9F00BBD692 /* VideoControlView.swift in Sources */ = {isa = PBXBuildFile; fileRef = 8359C6D326019C9F00BBD692 /* VideoControlView.swift */; };
		8359C6D926019D5B00BBD692 /* PlayerSliderView.swift in Sources */ = {isa = PBXBuildFile; fileRef = 8359C6D826019D5B00BBD692 /* PlayerSliderView.swift */; };
		8359C6DC26019E6800BBD692 /* SeekerButton.swift in Sources */ = {isa = PBXBuildFile; fileRef = 8359C6DB26019E6800BBD692 /* SeekerButton.swift */; };
		8359C70226019ECD00BBD692 /* ConstraintConfig.swift in Sources */ = {isa = PBXBuildFile; fileRef = 8359C6EC26019EB800BBD692 /* ConstraintConfig.swift */; };
		8359C70326019ECD00BBD692 /* ConstraintLayoutGuide+Extensions.swift in Sources */ = {isa = PBXBuildFile; fileRef = 8359C6FE26019EB800BBD692 /* ConstraintLayoutGuide+Extensions.swift */; };
		8359C70426019ECD00BBD692 /* LayoutConstraintItem.swift in Sources */ = {isa = PBXBuildFile; fileRef = 8359C6E026019EB800BBD692 /* LayoutConstraintItem.swift */; };
		8359C70526019ECD00BBD692 /* ConstraintMakerPriortizable.swift in Sources */ = {isa = PBXBuildFile; fileRef = 8359C6E226019EB800BBD692 /* ConstraintMakerPriortizable.swift */; };
		8359C70626019ECD00BBD692 /* Typealiases.swift in Sources */ = {isa = PBXBuildFile; fileRef = 8359C6F126019EB800BBD692 /* Typealiases.swift */; };
		8359C70726019ECD00BBD692 /* ConstraintPriorityTarget.swift in Sources */ = {isa = PBXBuildFile; fileRef = 8359C6E526019EB800BBD692 /* ConstraintPriorityTarget.swift */; };
		8359C70826019ECD00BBD692 /* ConstraintViewDSL.swift in Sources */ = {isa = PBXBuildFile; fileRef = 8359C6E426019EB800BBD692 /* ConstraintViewDSL.swift */; };
		8359C70926019ECD00BBD692 /* ConstraintPriority.swift in Sources */ = {isa = PBXBuildFile; fileRef = 8359C6EA26019EB800BBD692 /* ConstraintPriority.swift */; };
		8359C70A26019ECD00BBD692 /* ConstraintDSL.swift in Sources */ = {isa = PBXBuildFile; fileRef = 8359C6E826019EB800BBD692 /* ConstraintDSL.swift */; };
		8359C70B26019ECD00BBD692 /* ConstraintAttributes.swift in Sources */ = {isa = PBXBuildFile; fileRef = 8359C6E326019EB800BBD692 /* ConstraintAttributes.swift */; };
		8359C70C26019ECD00BBD692 /* ConstraintLayoutGuide.swift in Sources */ = {isa = PBXBuildFile; fileRef = 8359C6EF26019EB800BBD692 /* ConstraintLayoutGuide.swift */; };
		8359C70D26019ECD00BBD692 /* ConstraintOffsetTarget.swift in Sources */ = {isa = PBXBuildFile; fileRef = 8359C6F326019EB800BBD692 /* ConstraintOffsetTarget.swift */; };
		8359C70E26019ECD00BBD692 /* ConstraintItem.swift in Sources */ = {isa = PBXBuildFile; fileRef = 8359C6F926019EB800BBD692 /* ConstraintItem.swift */; };
		8359C70F26019ECD00BBD692 /* LayoutConstraint.swift in Sources */ = {isa = PBXBuildFile; fileRef = 8359C6FD26019EB800BBD692 /* LayoutConstraint.swift */; };
		8359C71026019ECD00BBD692 /* ConstraintMultiplierTarget.swift in Sources */ = {isa = PBXBuildFile; fileRef = 8359C6DF26019EB800BBD692 /* ConstraintMultiplierTarget.swift */; };
		8359C71126019ECD00BBD692 /* ConstraintRelatableTarget.swift in Sources */ = {isa = PBXBuildFile; fileRef = 8359C6FC26019EB800BBD692 /* ConstraintRelatableTarget.swift */; };
		8359C71226019ECD00BBD692 /* ConstraintLayoutGuideDSL.swift in Sources */ = {isa = PBXBuildFile; fileRef = 8359C6F726019EB800BBD692 /* ConstraintLayoutGuideDSL.swift */; };
		8359C71326019ECD00BBD692 /* ConstraintInsets.swift in Sources */ = {isa = PBXBuildFile; fileRef = 8359C6E626019EB800BBD692 /* ConstraintInsets.swift */; };
		8359C71426019ECD00BBD692 /* Constraint.swift in Sources */ = {isa = PBXBuildFile; fileRef = 8359C6FA26019EB800BBD692 /* Constraint.swift */; };
		8359C71526019ECD00BBD692 /* ConstraintMakerEditable.swift in Sources */ = {isa = PBXBuildFile; fileRef = 8359C6F426019EB800BBD692 /* ConstraintMakerEditable.swift */; };
		8359C71626019ECD00BBD692 /* Debugging.swift in Sources */ = {isa = PBXBuildFile; fileRef = 8359C6FB26019EB800BBD692 /* Debugging.swift */; };
		8359C71726019ECD00BBD692 /* ConstraintView.swift in Sources */ = {isa = PBXBuildFile; fileRef = 8359C6EE26019EB800BBD692 /* ConstraintView.swift */; };
		8359C71826019ECD00BBD692 /* ConstraintRelation.swift in Sources */ = {isa = PBXBuildFile; fileRef = 8359C6F626019EB800BBD692 /* ConstraintRelation.swift */; };
		8359C71926019ECD00BBD692 /* ConstraintDescription.swift in Sources */ = {isa = PBXBuildFile; fileRef = 8359C6E126019EB800BBD692 /* ConstraintDescription.swift */; };
		8359C71A26019ECD00BBD692 /* ConstraintInsetTarget.swift in Sources */ = {isa = PBXBuildFile; fileRef = 8359C6EB26019EB800BBD692 /* ConstraintInsetTarget.swift */; };
		8359C71B26019ECD00BBD692 /* ConstraintMaker.swift in Sources */ = {isa = PBXBuildFile; fileRef = 8359C6F526019EB800BBD692 /* ConstraintMaker.swift */; };
		8359C71C26019ECD00BBD692 /* ConstraintMakerFinalizable.swift in Sources */ = {isa = PBXBuildFile; fileRef = 8359C6E726019EB800BBD692 /* ConstraintMakerFinalizable.swift */; };
		8359C71D26019ECD00BBD692 /* ConstraintConstantTarget.swift in Sources */ = {isa = PBXBuildFile; fileRef = 8359C6F226019EB800BBD692 /* ConstraintConstantTarget.swift */; };
		8359C71E26019ECD00BBD692 /* ConstraintView+Extensions.swift in Sources */ = {isa = PBXBuildFile; fileRef = 8359C6F826019EB800BBD692 /* ConstraintView+Extensions.swift */; };
		8359C71F26019ECD00BBD692 /* ConstraintMakerExtendable.swift in Sources */ = {isa = PBXBuildFile; fileRef = 8359C6E926019EB800BBD692 /* ConstraintMakerExtendable.swift */; };
		8359C72026019ECD00BBD692 /* ConstraintMakerRelatable.swift in Sources */ = {isa = PBXBuildFile; fileRef = 8359C70026019EB800BBD692 /* ConstraintMakerRelatable.swift */; };
		8359C72126019ECD00BBD692 /* ConstraintLayoutSupport.swift in Sources */ = {isa = PBXBuildFile; fileRef = 8359C6F026019EB800BBD692 /* ConstraintLayoutSupport.swift */; };
		8359C72226019ECD00BBD692 /* ConstraintLayoutSupportDSL.swift in Sources */ = {isa = PBXBuildFile; fileRef = 8359C6FF26019EB800BBD692 /* ConstraintLayoutSupportDSL.swift */; };
		8359C72326019ECD00BBD692 /* UILayoutSupport+Extensions.swift in Sources */ = {isa = PBXBuildFile; fileRef = 8359C6ED26019EB800BBD692 /* UILayoutSupport+Extensions.swift */; };
		8359C72626019FB400BBD692 /* VerticalProgressView.swift in Sources */ = {isa = PBXBuildFile; fileRef = 8359C72526019FB400BBD692 /* VerticalProgressView.swift */; };
		8359C7292601A03400BBD692 /* UIDevice+.swift in Sources */ = {isa = PBXBuildFile; fileRef = 8359C7282601A03400BBD692 /* UIDevice+.swift */; };
		8359C7312601DA0400BBD692 /* VideoView.xib in Resources */ = {isa = PBXBuildFile; fileRef = 8359C7302601DA0400BBD692 /* VideoView.xib */; };
		8359C7342601DCED00BBD692 /* VideoControlView.xib in Resources */ = {isa = PBXBuildFile; fileRef = 8359C6D226019C9A00BBD692 /* VideoControlView.xib */; };
		8359C7372601E18500BBD692 /* SliderThumbnailView.swift in Sources */ = {isa = PBXBuildFile; fileRef = 8359C7362601E18500BBD692 /* SliderThumbnailView.swift */; };
		83D2B8F12600696300B59E06 /* AppDelegate.swift in Sources */ = {isa = PBXBuildFile; fileRef = 83D2B8F02600696300B59E06 /* AppDelegate.swift */; };
		83D2B8F32600696300B59E06 /* SceneDelegate.swift in Sources */ = {isa = PBXBuildFile; fileRef = 83D2B8F22600696300B59E06 /* SceneDelegate.swift */; };
		83D2B8F52600696300B59E06 /* ViewController.swift in Sources */ = {isa = PBXBuildFile; fileRef = 83D2B8F42600696300B59E06 /* ViewController.swift */; };
		83D2B8F82600696300B59E06 /* Main.storyboard in Resources */ = {isa = PBXBuildFile; fileRef = 83D2B8F62600696300B59E06 /* Main.storyboard */; };
		83D2B8FA2600696800B59E06 /* Assets.xcassets in Resources */ = {isa = PBXBuildFile; fileRef = 83D2B8F92600696800B59E06 /* Assets.xcassets */; };
		83D2B8FD2600696800B59E06 /* LaunchScreen.storyboard in Resources */ = {isa = PBXBuildFile; fileRef = 83D2B8FB2600696800B59E06 /* LaunchScreen.storyboard */; };
		83D2B9062600697900B59E06 /* VideoView.swift in Sources */ = {isa = PBXBuildFile; fileRef = 83D2B9052600697900B59E06 /* VideoView.swift */; };
/* End PBXBuildFile section */

/* Begin PBXFileReference section */
		8359C6D226019C9A00BBD692 /* VideoControlView.xib */ = {isa = PBXFileReference; lastKnownFileType = file.xib; path = VideoControlView.xib; sourceTree = "<group>"; };
		8359C6D326019C9F00BBD692 /* VideoControlView.swift */ = {isa = PBXFileReference; lastKnownFileType = sourcecode.swift; path = VideoControlView.swift; sourceTree = "<group>"; };
		8359C6D826019D5B00BBD692 /* PlayerSliderView.swift */ = {isa = PBXFileReference; lastKnownFileType = sourcecode.swift; path = PlayerSliderView.swift; sourceTree = "<group>"; };
		8359C6DB26019E6800BBD692 /* SeekerButton.swift */ = {isa = PBXFileReference; lastKnownFileType = sourcecode.swift; path = SeekerButton.swift; sourceTree = "<group>"; };
		8359C6DF26019EB800BBD692 /* ConstraintMultiplierTarget.swift */ = {isa = PBXFileReference; lastKnownFileType = sourcecode.swift; path = ConstraintMultiplierTarget.swift; sourceTree = "<group>"; };
		8359C6E026019EB800BBD692 /* LayoutConstraintItem.swift */ = {isa = PBXFileReference; lastKnownFileType = sourcecode.swift; path = LayoutConstraintItem.swift; sourceTree = "<group>"; };
		8359C6E126019EB800BBD692 /* ConstraintDescription.swift */ = {isa = PBXFileReference; lastKnownFileType = sourcecode.swift; path = ConstraintDescription.swift; sourceTree = "<group>"; };
		8359C6E226019EB800BBD692 /* ConstraintMakerPriortizable.swift */ = {isa = PBXFileReference; lastKnownFileType = sourcecode.swift; path = ConstraintMakerPriortizable.swift; sourceTree = "<group>"; };
		8359C6E326019EB800BBD692 /* ConstraintAttributes.swift */ = {isa = PBXFileReference; lastKnownFileType = sourcecode.swift; path = ConstraintAttributes.swift; sourceTree = "<group>"; };
		8359C6E426019EB800BBD692 /* ConstraintViewDSL.swift */ = {isa = PBXFileReference; lastKnownFileType = sourcecode.swift; path = ConstraintViewDSL.swift; sourceTree = "<group>"; };
		8359C6E526019EB800BBD692 /* ConstraintPriorityTarget.swift */ = {isa = PBXFileReference; lastKnownFileType = sourcecode.swift; path = ConstraintPriorityTarget.swift; sourceTree = "<group>"; };
		8359C6E626019EB800BBD692 /* ConstraintInsets.swift */ = {isa = PBXFileReference; lastKnownFileType = sourcecode.swift; path = ConstraintInsets.swift; sourceTree = "<group>"; };
		8359C6E726019EB800BBD692 /* ConstraintMakerFinalizable.swift */ = {isa = PBXFileReference; lastKnownFileType = sourcecode.swift; path = ConstraintMakerFinalizable.swift; sourceTree = "<group>"; };
		8359C6E826019EB800BBD692 /* ConstraintDSL.swift */ = {isa = PBXFileReference; lastKnownFileType = sourcecode.swift; path = ConstraintDSL.swift; sourceTree = "<group>"; };
		8359C6E926019EB800BBD692 /* ConstraintMakerExtendable.swift */ = {isa = PBXFileReference; lastKnownFileType = sourcecode.swift; path = ConstraintMakerExtendable.swift; sourceTree = "<group>"; };
		8359C6EA26019EB800BBD692 /* ConstraintPriority.swift */ = {isa = PBXFileReference; lastKnownFileType = sourcecode.swift; path = ConstraintPriority.swift; sourceTree = "<group>"; };
		8359C6EB26019EB800BBD692 /* ConstraintInsetTarget.swift */ = {isa = PBXFileReference; lastKnownFileType = sourcecode.swift; path = ConstraintInsetTarget.swift; sourceTree = "<group>"; };
		8359C6EC26019EB800BBD692 /* ConstraintConfig.swift */ = {isa = PBXFileReference; lastKnownFileType = sourcecode.swift; path = ConstraintConfig.swift; sourceTree = "<group>"; };
		8359C6ED26019EB800BBD692 /* UILayoutSupport+Extensions.swift */ = {isa = PBXFileReference; lastKnownFileType = sourcecode.swift; path = "UILayoutSupport+Extensions.swift"; sourceTree = "<group>"; };
		8359C6EE26019EB800BBD692 /* ConstraintView.swift */ = {isa = PBXFileReference; lastKnownFileType = sourcecode.swift; path = ConstraintView.swift; sourceTree = "<group>"; };
		8359C6EF26019EB800BBD692 /* ConstraintLayoutGuide.swift */ = {isa = PBXFileReference; lastKnownFileType = sourcecode.swift; path = ConstraintLayoutGuide.swift; sourceTree = "<group>"; };
		8359C6F026019EB800BBD692 /* ConstraintLayoutSupport.swift */ = {isa = PBXFileReference; lastKnownFileType = sourcecode.swift; path = ConstraintLayoutSupport.swift; sourceTree = "<group>"; };
		8359C6F126019EB800BBD692 /* Typealiases.swift */ = {isa = PBXFileReference; lastKnownFileType = sourcecode.swift; path = Typealiases.swift; sourceTree = "<group>"; };
		8359C6F226019EB800BBD692 /* ConstraintConstantTarget.swift */ = {isa = PBXFileReference; lastKnownFileType = sourcecode.swift; path = ConstraintConstantTarget.swift; sourceTree = "<group>"; };
		8359C6F326019EB800BBD692 /* ConstraintOffsetTarget.swift */ = {isa = PBXFileReference; lastKnownFileType = sourcecode.swift; path = ConstraintOffsetTarget.swift; sourceTree = "<group>"; };
		8359C6F426019EB800BBD692 /* ConstraintMakerEditable.swift */ = {isa = PBXFileReference; lastKnownFileType = sourcecode.swift; path = ConstraintMakerEditable.swift; sourceTree = "<group>"; };
		8359C6F526019EB800BBD692 /* ConstraintMaker.swift */ = {isa = PBXFileReference; lastKnownFileType = sourcecode.swift; path = ConstraintMaker.swift; sourceTree = "<group>"; };
		8359C6F626019EB800BBD692 /* ConstraintRelation.swift */ = {isa = PBXFileReference; lastKnownFileType = sourcecode.swift; path = ConstraintRelation.swift; sourceTree = "<group>"; };
		8359C6F726019EB800BBD692 /* ConstraintLayoutGuideDSL.swift */ = {isa = PBXFileReference; lastKnownFileType = sourcecode.swift; path = ConstraintLayoutGuideDSL.swift; sourceTree = "<group>"; };
		8359C6F826019EB800BBD692 /* ConstraintView+Extensions.swift */ = {isa = PBXFileReference; lastKnownFileType = sourcecode.swift; path = "ConstraintView+Extensions.swift"; sourceTree = "<group>"; };
		8359C6F926019EB800BBD692 /* ConstraintItem.swift */ = {isa = PBXFileReference; lastKnownFileType = sourcecode.swift; path = ConstraintItem.swift; sourceTree = "<group>"; };
		8359C6FA26019EB800BBD692 /* Constraint.swift */ = {isa = PBXFileReference; lastKnownFileType = sourcecode.swift; path = Constraint.swift; sourceTree = "<group>"; };
		8359C6FB26019EB800BBD692 /* Debugging.swift */ = {isa = PBXFileReference; lastKnownFileType = sourcecode.swift; path = Debugging.swift; sourceTree = "<group>"; };
		8359C6FC26019EB800BBD692 /* ConstraintRelatableTarget.swift */ = {isa = PBXFileReference; lastKnownFileType = sourcecode.swift; path = ConstraintRelatableTarget.swift; sourceTree = "<group>"; };
		8359C6FD26019EB800BBD692 /* LayoutConstraint.swift */ = {isa = PBXFileReference; lastKnownFileType = sourcecode.swift; path = LayoutConstraint.swift; sourceTree = "<group>"; };
		8359C6FE26019EB800BBD692 /* ConstraintLayoutGuide+Extensions.swift */ = {isa = PBXFileReference; lastKnownFileType = sourcecode.swift; path = "ConstraintLayoutGuide+Extensions.swift"; sourceTree = "<group>"; };
		8359C6FF26019EB800BBD692 /* ConstraintLayoutSupportDSL.swift */ = {isa = PBXFileReference; lastKnownFileType = sourcecode.swift; path = ConstraintLayoutSupportDSL.swift; sourceTree = "<group>"; };
		8359C70026019EB800BBD692 /* ConstraintMakerRelatable.swift */ = {isa = PBXFileReference; lastKnownFileType = sourcecode.swift; path = ConstraintMakerRelatable.swift; sourceTree = "<group>"; };
		8359C72526019FB400BBD692 /* VerticalProgressView.swift */ = {isa = PBXFileReference; fileEncoding = 4; lastKnownFileType = sourcecode.swift; path = VerticalProgressView.swift; sourceTree = "<group>"; };
		8359C7282601A03400BBD692 /* UIDevice+.swift */ = {isa = PBXFileReference; lastKnownFileType = sourcecode.swift; path = "UIDevice+.swift"; sourceTree = "<group>"; };
		8359C7302601DA0400BBD692 /* VideoView.xib */ = {isa = PBXFileReference; fileEncoding = 4; lastKnownFileType = file.xib; path = VideoView.xib; sourceTree = "<group>"; };
		8359C7362601E18500BBD692 /* SliderThumbnailView.swift */ = {isa = PBXFileReference; fileEncoding = 4; lastKnownFileType = sourcecode.swift; path = SliderThumbnailView.swift; sourceTree = "<group>"; };
		83D2B8ED2600696300B59E06 /* SampleVideoPlayer.app */ = {isa = PBXFileReference; explicitFileType = wrapper.application; includeInIndex = 0; path = SampleVideoPlayer.app; sourceTree = BUILT_PRODUCTS_DIR; };
		83D2B8F02600696300B59E06 /* AppDelegate.swift */ = {isa = PBXFileReference; lastKnownFileType = sourcecode.swift; path = AppDelegate.swift; sourceTree = "<group>"; };
		83D2B8F22600696300B59E06 /* SceneDelegate.swift */ = {isa = PBXFileReference; lastKnownFileType = sourcecode.swift; path = SceneDelegate.swift; sourceTree = "<group>"; };
		83D2B8F42600696300B59E06 /* ViewController.swift */ = {isa = PBXFileReference; lastKnownFileType = sourcecode.swift; path = ViewController.swift; sourceTree = "<group>"; };
		83D2B8F72600696300B59E06 /* Base */ = {isa = PBXFileReference; lastKnownFileType = file.storyboard; name = Base; path = Base.lproj/Main.storyboard; sourceTree = "<group>"; };
		83D2B8F92600696800B59E06 /* Assets.xcassets */ = {isa = PBXFileReference; lastKnownFileType = folder.assetcatalog; path = Assets.xcassets; sourceTree = "<group>"; };
		83D2B8FC2600696800B59E06 /* Base */ = {isa = PBXFileReference; lastKnownFileType = file.storyboard; name = Base; path = Base.lproj/LaunchScreen.storyboard; sourceTree = "<group>"; };
		83D2B8FE2600696800B59E06 /* Info.plist */ = {isa = PBXFileReference; lastKnownFileType = text.plist.xml; path = Info.plist; sourceTree = "<group>"; };
		83D2B9052600697900B59E06 /* VideoView.swift */ = {isa = PBXFileReference; lastKnownFileType = sourcecode.swift; path = VideoView.swift; sourceTree = "<group>"; };
/* End PBXFileReference section */

/* Begin PBXFrameworksBuildPhase section */
		83D2B8EA2600696300B59E06 /* Frameworks */ = {
			isa = PBXFrameworksBuildPhase;
			buildActionMask = 2147483647;
			files = (
			);
			runOnlyForDeploymentPostprocessing = 0;
		};
/* End PBXFrameworksBuildPhase section */

/* Begin PBXGroup section */
		8359C6D626019D1900BBD692 /* ControlView */ = {
			isa = PBXGroup;
			children = (
				8359C6D226019C9A00BBD692 /* VideoControlView.xib */,
				8359C6D326019C9F00BBD692 /* VideoControlView.swift */,
				8359C72526019FB400BBD692 /* VerticalProgressView.swift */,
				8359C6D826019D5B00BBD692 /* PlayerSliderView.swift */,
				8359C6DB26019E6800BBD692 /* SeekerButton.swift */,
				8359C7362601E18500BBD692 /* SliderThumbnailView.swift */,
			);
			path = ControlView;
			sourceTree = "<group>";
		};
		8359C6DE26019EB800BBD692 /* SnapKit */ = {
			isa = PBXGroup;
			children = (
				8359C6DF26019EB800BBD692 /* ConstraintMultiplierTarget.swift */,
				8359C6E026019EB800BBD692 /* LayoutConstraintItem.swift */,
				8359C6E126019EB800BBD692 /* ConstraintDescription.swift */,
				8359C6E226019EB800BBD692 /* ConstraintMakerPriortizable.swift */,
				8359C6E326019EB800BBD692 /* ConstraintAttributes.swift */,
				8359C6E426019EB800BBD692 /* ConstraintViewDSL.swift */,
				8359C6E526019EB800BBD692 /* ConstraintPriorityTarget.swift */,
				8359C6E626019EB800BBD692 /* ConstraintInsets.swift */,
				8359C6E726019EB800BBD692 /* ConstraintMakerFinalizable.swift */,
				8359C6E826019EB800BBD692 /* ConstraintDSL.swift */,
				8359C6E926019EB800BBD692 /* ConstraintMakerExtendable.swift */,
				8359C6EA26019EB800BBD692 /* ConstraintPriority.swift */,
				8359C6EB26019EB800BBD692 /* ConstraintInsetTarget.swift */,
				8359C6EC26019EB800BBD692 /* ConstraintConfig.swift */,
				8359C6ED26019EB800BBD692 /* UILayoutSupport+Extensions.swift */,
				8359C6EE26019EB800BBD692 /* ConstraintView.swift */,
				8359C6EF26019EB800BBD692 /* ConstraintLayoutGuide.swift */,
				8359C6F026019EB800BBD692 /* ConstraintLayoutSupport.swift */,
				8359C6F126019EB800BBD692 /* Typealiases.swift */,
				8359C6F226019EB800BBD692 /* ConstraintConstantTarget.swift */,
				8359C6F326019EB800BBD692 /* ConstraintOffsetTarget.swift */,
				8359C6F426019EB800BBD692 /* ConstraintMakerEditable.swift */,
				8359C6F526019EB800BBD692 /* ConstraintMaker.swift */,
				8359C6F626019EB800BBD692 /* ConstraintRelation.swift */,
				8359C6F726019EB800BBD692 /* ConstraintLayoutGuideDSL.swift */,
				8359C6F826019EB800BBD692 /* ConstraintView+Extensions.swift */,
				8359C6F926019EB800BBD692 /* ConstraintItem.swift */,
				8359C6FA26019EB800BBD692 /* Constraint.swift */,
				8359C6FB26019EB800BBD692 /* Debugging.swift */,
				8359C6FC26019EB800BBD692 /* ConstraintRelatableTarget.swift */,
				8359C6FD26019EB800BBD692 /* LayoutConstraint.swift */,
				8359C6FE26019EB800BBD692 /* ConstraintLayoutGuide+Extensions.swift */,
				8359C6FF26019EB800BBD692 /* ConstraintLayoutSupportDSL.swift */,
				8359C70026019EB800BBD692 /* ConstraintMakerRelatable.swift */,
			);
			path = SnapKit;
			sourceTree = "<group>";
		};
		83D2B8E42600696300B59E06 = {
			isa = PBXGroup;
			children = (
				83D2B8EF2600696300B59E06 /* SampleVideoPlayer */,
				83D2B8EE2600696300B59E06 /* Products */,
			);
			sourceTree = "<group>";
		};
		83D2B8EE2600696300B59E06 /* Products */ = {
			isa = PBXGroup;
			children = (
				83D2B8ED2600696300B59E06 /* SampleVideoPlayer.app */,
			);
			name = Products;
			sourceTree = "<group>";
		};
		83D2B8EF2600696300B59E06 /* SampleVideoPlayer */ = {
			isa = PBXGroup;
			children = (
				8359C7282601A03400BBD692 /* UIDevice+.swift */,
				8359C6DE26019EB800BBD692 /* SnapKit */,
				8359C6D626019D1900BBD692 /* ControlView */,
				83D2B8F02600696300B59E06 /* AppDelegate.swift */,
				83D2B8F22600696300B59E06 /* SceneDelegate.swift */,
				83D2B8F42600696300B59E06 /* ViewController.swift */,
				8359C7302601DA0400BBD692 /* VideoView.xib */,
				83D2B9052600697900B59E06 /* VideoView.swift */,
				83D2B8F62600696300B59E06 /* Main.storyboard */,
				83D2B8F92600696800B59E06 /* Assets.xcassets */,
				83D2B8FB2600696800B59E06 /* LaunchScreen.storyboard */,
				83D2B8FE2600696800B59E06 /* Info.plist */,
			);
			path = SampleVideoPlayer;
			sourceTree = "<group>";
		};
/* End PBXGroup section */

/* Begin PBXNativeTarget section */
		83D2B8EC2600696300B59E06 /* SampleVideoPlayer */ = {
			isa = PBXNativeTarget;
			buildConfigurationList = 83D2B9012600696800B59E06 /* Build configuration list for PBXNativeTarget "SampleVideoPlayer" */;
			buildPhases = (
				83D2B8E92600696300B59E06 /* Sources */,
				83D2B8EA2600696300B59E06 /* Frameworks */,
				83D2B8EB2600696300B59E06 /* Resources */,
			);
			buildRules = (
			);
			dependencies = (
			);
			name = SampleVideoPlayer;
			productName = SampleVideoPlayer;
			productReference = 83D2B8ED2600696300B59E06 /* SampleVideoPlayer.app */;
			productType = "com.apple.product-type.application";
		};
/* End PBXNativeTarget section */

/* Begin PBXProject section */
		83D2B8E52600696300B59E06 /* Project object */ = {
			isa = PBXProject;
			attributes = {
				LastSwiftUpdateCheck = 1240;
				LastUpgradeCheck = 1240;
				TargetAttributes = {
					83D2B8EC2600696300B59E06 = {
						CreatedOnToolsVersion = 12.4;
					};
				};
			};
			buildConfigurationList = 83D2B8E82600696300B59E06 /* Build configuration list for PBXProject "SampleVideoPlayer" */;
			compatibilityVersion = "Xcode 9.3";
			developmentRegion = en;
			hasScannedForEncodings = 0;
			knownRegions = (
				en,
				Base,
			);
			mainGroup = 83D2B8E42600696300B59E06;
			productRefGroup = 83D2B8EE2600696300B59E06 /* Products */;
			projectDirPath = "";
			projectRoot = "";
			targets = (
				83D2B8EC2600696300B59E06 /* SampleVideoPlayer */,
			);
		};
/* End PBXProject section */

/* Begin PBXResourcesBuildPhase section */
		83D2B8EB2600696300B59E06 /* Resources */ = {
			isa = PBXResourcesBuildPhase;
			buildActionMask = 2147483647;
			files = (
				8359C7342601DCED00BBD692 /* VideoControlView.xib in Resources */,
				8359C7312601DA0400BBD692 /* VideoView.xib in Resources */,
				83D2B8FD2600696800B59E06 /* LaunchScreen.storyboard in Resources */,
				83D2B8FA2600696800B59E06 /* Assets.xcassets in Resources */,
				83D2B8F82600696300B59E06 /* Main.storyboard in Resources */,
			);
			runOnlyForDeploymentPostprocessing = 0;
		};
/* End PBXResourcesBuildPhase section */

/* Begin PBXSourcesBuildPhase section */
		83D2B8E92600696300B59E06 /* Sources */ = {
			isa = PBXSourcesBuildPhase;
			buildActionMask = 2147483647;
			files = (
				8359C71526019ECD00BBD692 /* ConstraintMakerEditable.swift in Sources */,
				8359C72326019ECD00BBD692 /* UILayoutSupport+Extensions.swift in Sources */,
				8359C71026019ECD00BBD692 /* ConstraintMultiplierTarget.swift in Sources */,
				8359C6DC26019E6800BBD692 /* SeekerButton.swift in Sources */,
				8359C70B26019ECD00BBD692 /* ConstraintAttributes.swift in Sources */,
				8359C72226019ECD00BBD692 /* ConstraintLayoutSupportDSL.swift in Sources */,
				8359C6D926019D5B00BBD692 /* PlayerSliderView.swift in Sources */,
				8359C71E26019ECD00BBD692 /* ConstraintView+Extensions.swift in Sources */,
				8359C71A26019ECD00BBD692 /* ConstraintInsetTarget.swift in Sources */,
				8359C71C26019ECD00BBD692 /* ConstraintMakerFinalizable.swift in Sources */,
				8359C7372601E18500BBD692 /* SliderThumbnailView.swift in Sources */,
				83D2B9062600697900B59E06 /* VideoView.swift in Sources */,
				8359C71226019ECD00BBD692 /* ConstraintLayoutGuideDSL.swift in Sources */,
				8359C6D426019C9F00BBD692 /* VideoControlView.swift in Sources */,
				8359C71126019ECD00BBD692 /* ConstraintRelatableTarget.swift in Sources */,
				8359C70F26019ECD00BBD692 /* LayoutConstraint.swift in Sources */,
				8359C72626019FB400BBD692 /* VerticalProgressView.swift in Sources */,
				8359C71726019ECD00BBD692 /* ConstraintView.swift in Sources */,
				8359C70526019ECD00BBD692 /* ConstraintMakerPriortizable.swift in Sources */,
				8359C71F26019ECD00BBD692 /* ConstraintMakerExtendable.swift in Sources */,
				8359C70226019ECD00BBD692 /* ConstraintConfig.swift in Sources */,
				8359C70A26019ECD00BBD692 /* ConstraintDSL.swift in Sources */,
				8359C71426019ECD00BBD692 /* Constraint.swift in Sources */,
				8359C72126019ECD00BBD692 /* ConstraintLayoutSupport.swift in Sources */,
				8359C7292601A03400BBD692 /* UIDevice+.swift in Sources */,
				8359C71D26019ECD00BBD692 /* ConstraintConstantTarget.swift in Sources */,
				83D2B8F52600696300B59E06 /* ViewController.swift in Sources */,
				8359C71826019ECD00BBD692 /* ConstraintRelation.swift in Sources */,
				8359C70C26019ECD00BBD692 /* ConstraintLayoutGuide.swift in Sources */,
				83D2B8F12600696300B59E06 /* AppDelegate.swift in Sources */,
				8359C70626019ECD00BBD692 /* Typealiases.swift in Sources */,
				8359C70426019ECD00BBD692 /* LayoutConstraintItem.swift in Sources */,
				8359C72026019ECD00BBD692 /* ConstraintMakerRelatable.swift in Sources */,
				8359C70326019ECD00BBD692 /* ConstraintLayoutGuide+Extensions.swift in Sources */,
				8359C71326019ECD00BBD692 /* ConstraintInsets.swift in Sources */,
				8359C70926019ECD00BBD692 /* ConstraintPriority.swift in Sources */,
				8359C71626019ECD00BBD692 /* Debugging.swift in Sources */,
				8359C71B26019ECD00BBD692 /* ConstraintMaker.swift in Sources */,
				8359C70726019ECD00BBD692 /* ConstraintPriorityTarget.swift in Sources */,
				8359C71926019ECD00BBD692 /* ConstraintDescription.swift in Sources */,
				83D2B8F32600696300B59E06 /* SceneDelegate.swift in Sources */,
				8359C70826019ECD00BBD692 /* ConstraintViewDSL.swift in Sources */,
				8359C70D26019ECD00BBD692 /* ConstraintOffsetTarget.swift in Sources */,
				8359C70E26019ECD00BBD692 /* ConstraintItem.swift in Sources */,
			);
			runOnlyForDeploymentPostprocessing = 0;
		};
/* End PBXSourcesBuildPhase section */

/* Begin PBXVariantGroup section */
		83D2B8F62600696300B59E06 /* Main.storyboard */ = {
			isa = PBXVariantGroup;
			children = (
				83D2B8F72600696300B59E06 /* Base */,
			);
			name = Main.storyboard;
			sourceTree = "<group>";
		};
		83D2B8FB2600696800B59E06 /* LaunchScreen.storyboard */ = {
			isa = PBXVariantGroup;
			children = (
				83D2B8FC2600696800B59E06 /* Base */,
			);
			name = LaunchScreen.storyboard;
			sourceTree = "<group>";
		};
/* End PBXVariantGroup section */

/* Begin XCBuildConfiguration section */
		83D2B8FF2600696800B59E06 /* Debug */ = {
			isa = XCBuildConfiguration;
			buildSettings = {
				ALWAYS_SEARCH_USER_PATHS = NO;
				CLANG_ANALYZER_NONNULL = YES;
				CLANG_ANALYZER_NUMBER_OBJECT_CONVERSION = YES_AGGRESSIVE;
				CLANG_CXX_LANGUAGE_STANDARD = "gnu++14";
				CLANG_CXX_LIBRARY = "libc++";
				CLANG_ENABLE_MODULES = YES;
				CLANG_ENABLE_OBJC_ARC = YES;
				CLANG_ENABLE_OBJC_WEAK = YES;
				CLANG_WARN_BLOCK_CAPTURE_AUTORELEASING = YES;
				CLANG_WARN_BOOL_CONVERSION = YES;
				CLANG_WARN_COMMA = YES;
				CLANG_WARN_CONSTANT_CONVERSION = YES;
				CLANG_WARN_DEPRECATED_OBJC_IMPLEMENTATIONS = YES;
				CLANG_WARN_DIRECT_OBJC_ISA_USAGE = YES_ERROR;
				CLANG_WARN_DOCUMENTATION_COMMENTS = YES;
				CLANG_WARN_EMPTY_BODY = YES;
				CLANG_WARN_ENUM_CONVERSION = YES;
				CLANG_WARN_INFINITE_RECURSION = YES;
				CLANG_WARN_INT_CONVERSION = YES;
				CLANG_WARN_NON_LITERAL_NULL_CONVERSION = YES;
				CLANG_WARN_OBJC_IMPLICIT_RETAIN_SELF = YES;
				CLANG_WARN_OBJC_LITERAL_CONVERSION = YES;
				CLANG_WARN_OBJC_ROOT_CLASS = YES_ERROR;
				CLANG_WARN_QUOTED_INCLUDE_IN_FRAMEWORK_HEADER = YES;
				CLANG_WARN_RANGE_LOOP_ANALYSIS = YES;
				CLANG_WARN_STRICT_PROTOTYPES = YES;
				CLANG_WARN_SUSPICIOUS_MOVE = YES;
				CLANG_WARN_UNGUARDED_AVAILABILITY = YES_AGGRESSIVE;
				CLANG_WARN_UNREACHABLE_CODE = YES;
				CLANG_WARN__DUPLICATE_METHOD_MATCH = YES;
				COPY_PHASE_STRIP = NO;
				DEBUG_INFORMATION_FORMAT = dwarf;
				ENABLE_STRICT_OBJC_MSGSEND = YES;
				ENABLE_TESTABILITY = YES;
				GCC_C_LANGUAGE_STANDARD = gnu11;
				GCC_DYNAMIC_NO_PIC = NO;
				GCC_NO_COMMON_BLOCKS = YES;
				GCC_OPTIMIZATION_LEVEL = 0;
				GCC_PREPROCESSOR_DEFINITIONS = (
					"DEBUG=1",
					"$(inherited)",
				);
				GCC_WARN_64_TO_32_BIT_CONVERSION = YES;
				GCC_WARN_ABOUT_RETURN_TYPE = YES_ERROR;
				GCC_WARN_UNDECLARED_SELECTOR = YES;
				GCC_WARN_UNINITIALIZED_AUTOS = YES_AGGRESSIVE;
				GCC_WARN_UNUSED_FUNCTION = YES;
				GCC_WARN_UNUSED_VARIABLE = YES;
				IPHONEOS_DEPLOYMENT_TARGET = 14.4;
				MTL_ENABLE_DEBUG_INFO = INCLUDE_SOURCE;
				MTL_FAST_MATH = YES;
				ONLY_ACTIVE_ARCH = YES;
				SDKROOT = iphoneos;
				SWIFT_ACTIVE_COMPILATION_CONDITIONS = DEBUG;
				SWIFT_OPTIMIZATION_LEVEL = "-Onone";
			};
			name = Debug;
		};
		83D2B9002600696800B59E06 /* Release */ = {
			isa = XCBuildConfiguration;
			buildSettings = {
				ALWAYS_SEARCH_USER_PATHS = NO;
				CLANG_ANALYZER_NONNULL = YES;
				CLANG_ANALYZER_NUMBER_OBJECT_CONVERSION = YES_AGGRESSIVE;
				CLANG_CXX_LANGUAGE_STANDARD = "gnu++14";
				CLANG_CXX_LIBRARY = "libc++";
				CLANG_ENABLE_MODULES = YES;
				CLANG_ENABLE_OBJC_ARC = YES;
				CLANG_ENABLE_OBJC_WEAK = YES;
				CLANG_WARN_BLOCK_CAPTURE_AUTORELEASING = YES;
				CLANG_WARN_BOOL_CONVERSION = YES;
				CLANG_WARN_COMMA = YES;
				CLANG_WARN_CONSTANT_CONVERSION = YES;
				CLANG_WARN_DEPRECATED_OBJC_IMPLEMENTATIONS = YES;
				CLANG_WARN_DIRECT_OBJC_ISA_USAGE = YES_ERROR;
				CLANG_WARN_DOCUMENTATION_COMMENTS = YES;
				CLANG_WARN_EMPTY_BODY = YES;
				CLANG_WARN_ENUM_CONVERSION = YES;
				CLANG_WARN_INFINITE_RECURSION = YES;
				CLANG_WARN_INT_CONVERSION = YES;
				CLANG_WARN_NON_LITERAL_NULL_CONVERSION = YES;
				CLANG_WARN_OBJC_IMPLICIT_RETAIN_SELF = YES;
				CLANG_WARN_OBJC_LITERAL_CONVERSION = YES;
				CLANG_WARN_OBJC_ROOT_CLASS = YES_ERROR;
				CLANG_WARN_QUOTED_INCLUDE_IN_FRAMEWORK_HEADER = YES;
				CLANG_WARN_RANGE_LOOP_ANALYSIS = YES;
				CLANG_WARN_STRICT_PROTOTYPES = YES;
				CLANG_WARN_SUSPICIOUS_MOVE = YES;
				CLANG_WARN_UNGUARDED_AVAILABILITY = YES_AGGRESSIVE;
				CLANG_WARN_UNREACHABLE_CODE = YES;
				CLANG_WARN__DUPLICATE_METHOD_MATCH = YES;
				COPY_PHASE_STRIP = NO;
				DEBUG_INFORMATION_FORMAT = "dwarf-with-dsym";
				ENABLE_NS_ASSERTIONS = NO;
				ENABLE_STRICT_OBJC_MSGSEND = YES;
				GCC_C_LANGUAGE_STANDARD = gnu11;
				GCC_NO_COMMON_BLOCKS = YES;
				GCC_WARN_64_TO_32_BIT_CONVERSION = YES;
				GCC_WARN_ABOUT_RETURN_TYPE = YES_ERROR;
				GCC_WARN_UNDECLARED_SELECTOR = YES;
				GCC_WARN_UNINITIALIZED_AUTOS = YES_AGGRESSIVE;
				GCC_WARN_UNUSED_FUNCTION = YES;
				GCC_WARN_UNUSED_VARIABLE = YES;
				IPHONEOS_DEPLOYMENT_TARGET = 14.4;
				MTL_ENABLE_DEBUG_INFO = NO;
				MTL_FAST_MATH = YES;
				SDKROOT = iphoneos;
				SWIFT_COMPILATION_MODE = wholemodule;
				SWIFT_OPTIMIZATION_LEVEL = "-O";
				VALIDATE_PRODUCT = YES;
			};
			name = Release;
		};
		83D2B9022600696800B59E06 /* Debug */ = {
			isa = XCBuildConfiguration;
			buildSettings = {
				ASSETCATALOG_COMPILER_APPICON_NAME = AppIcon;
				ASSETCATALOG_COMPILER_GLOBAL_ACCENT_COLOR_NAME = AccentColor;
				CODE_SIGN_STYLE = Automatic;
				DEVELOPMENT_TEAM = L6YP5SPQ9N;
				INFOPLIST_FILE = SampleVideoPlayer/Info.plist;
				IPHONEOS_DEPLOYMENT_TARGET = 14.1;
				LD_RUNPATH_SEARCH_PATHS = (
					"$(inherited)",
					"@executable_path/Frameworks",
				);
				PRODUCT_BUNDLE_IDENTIFIER = com.targetExample.com.SampleVideoPlayer;
				PRODUCT_NAME = "$(TARGET_NAME)";
				SWIFT_VERSION = 5.0;
				TARGETED_DEVICE_FAMILY = "1,2";
			};
			name = Debug;
		};
		83D2B9032600696800B59E06 /* Release */ = {
			isa = XCBuildConfiguration;
			buildSettings = {
				ASSETCATALOG_COMPILER_APPICON_NAME = AppIcon;
				ASSETCATALOG_COMPILER_GLOBAL_ACCENT_COLOR_NAME = AccentColor;
				CODE_SIGN_STYLE = Automatic;
				DEVELOPMENT_TEAM = L6YP5SPQ9N;
				INFOPLIST_FILE = SampleVideoPlayer/Info.plist;
				IPHONEOS_DEPLOYMENT_TARGET = 14.1;
				LD_RUNPATH_SEARCH_PATHS = (
					"$(inherited)",
					"@executable_path/Frameworks",
				);
				PRODUCT_BUNDLE_IDENTIFIER = com.targetExample.com.SampleVideoPlayer;
				PRODUCT_NAME = "$(TARGET_NAME)";
				SWIFT_VERSION = 5.0;
				TARGETED_DEVICE_FAMILY = "1,2";
			};
			name = Release;
		};
/* End XCBuildConfiguration section */

/* Begin XCConfigurationList section */
		83D2B8E82600696300B59E06 /* Build configuration list for PBXProject "SampleVideoPlayer" */ = {
			isa = XCConfigurationList;
			buildConfigurations = (
				83D2B8FF2600696800B59E06 /* Debug */,
				83D2B9002600696800B59E06 /* Release */,
			);
			defaultConfigurationIsVisible = 0;
			defaultConfigurationName = Release;
		};
		83D2B9012600696800B59E06 /* Build configuration list for PBXNativeTarget "SampleVideoPlayer" */ = {
			isa = XCConfigurationList;
			buildConfigurations = (
				83D2B9022600696800B59E06 /* Debug */,
				83D2B9032600696800B59E06 /* Release */,
			);
			defaultConfigurationIsVisible = 0;
			defaultConfigurationName = Release;
		};
/* End XCConfigurationList section */
	};
	rootObject = 83D2B8E52600696300B59E06 /* Project object */;
}
